// !$*UTF8*$!
{
	archiveVersion = 1;
	classes = {
	};
	objectVersion = 46;
	objects = {

/* Begin PBXBuildFile section */
		1BEFA7FA1BC8955B00888F87 /* main.m in Sources */ = {isa = PBXBuildFile; fileRef = 1BEFA7F91BC8955B00888F87 /* main.m */; };
		1BEFA8021BC8957200888F87 /* Person.m in Sources */ = {isa = PBXBuildFile; fileRef = 1BEFA8011BC8957200888F87 /* Person.m */; };
		1BEFA8051BC8A7D400888F87 /* Employee.m in Sources */ = {isa = PBXBuildFile; fileRef = 1BEFA8041BC8A7D400888F87 /* Employee.m */; };
		1BEFA81E1BC8C94200888F87 /* Asset.m in Sources */ = {isa = PBXBuildFile; fileRef = 1BEFA81D1BC8C94200888F87 /* Asset.m */; };
/* End PBXBuildFile section */

/* Begin PBXCopyFilesBuildPhase section */
		1BEFA7F41BC8955B00888F87 /* CopyFiles */ = {
			isa = PBXCopyFilesBuildPhase;
			buildActionMask = 2147483647;
			dstPath = /usr/share/man/man1/;
			dstSubfolderSpec = 0;
			files = (
			);
			runOnlyForDeploymentPostprocessing = 1;
		};
/* End PBXCopyFilesBuildPhase section */

/* Begin PBXFileReference section */
		1BEFA7F61BC8955B00888F87 /* bmi */ = {isa = PBXFileReference; explicitFileType = "compiled.mach-o.executable"; includeInIndex = 0; path = bmi; sourceTree = BUILT_PRODUCTS_DIR; };
		1BEFA7F91BC8955B00888F87 /* main.m */ = {isa = PBXFileReference; lastKnownFileType = sourcecode.c.objc; path = main.m; sourceTree = "<group>"; };
		1BEFA8001BC8957200888F87 /* Person.h */ = {isa = PBXFileReference; fileEncoding = 4; lastKnownFileType = sourcecode.c.h; path = Person.h; sourceTree = "<group>"; };
		1BEFA8011BC8957200888F87 /* Person.m */ = {isa = PBXFileReference; fileEncoding = 4; lastKnownFileType = sourcecode.c.objc; path = Person.m; sourceTree = "<group>"; };
		1BEFA8031BC8A7D400888F87 /* Employee.h */ = {isa = PBXFileReference; fileEncoding = 4; lastKnownFileType = sourcecode.c.h; path = Employee.h; sourceTree = "<group>"; };
		1BEFA8041BC8A7D400888F87 /* Employee.m */ = {isa = PBXFileReference; fileEncoding = 4; lastKnownFileType = sourcecode.c.objc; path = Employee.m; sourceTree = "<group>"; };
		1BEFA81C1BC8C94200888F87 /* Asset.h */ = {isa = PBXFileReference; fileEncoding = 4; lastKnownFileType = sourcecode.c.h; name = Asset.h; path = ../../Asset/Asset.h; sourceTree = "<group>"; };
		1BEFA81D1BC8C94200888F87 /* Asset.m */ = {isa = PBXFileReference; fileEncoding = 4; lastKnownFileType = sourcecode.c.objc; name = Asset.m; path = ../../Asset/Asset.m; sourceTree = "<group>"; };
/* End PBXFileReference section */

/* Begin PBXFrameworksBuildPhase section */
		1BEFA7F31BC8955B00888F87 /* Frameworks */ = {
			isa = PBXFrameworksBuildPhase;
			buildActionMask = 2147483647;
			files = (
			);
			runOnlyForDeploymentPostprocessing = 0;
		};
/* End PBXFrameworksBuildPhase section */

/* Begin PBXGroup section */
		1BEFA7ED1BC8955B00888F87 = {
			isa = PBXGroup;
			children = (
				1BEFA7F81BC8955B00888F87 /* bmi */,
				1BEFA7F71BC8955B00888F87 /* Products */,
			);
			sourceTree = "<group>";
		};
		1BEFA7F71BC8955B00888F87 /* Products */ = {
			isa = PBXGroup;
			children = (
				1BEFA7F61BC8955B00888F87 /* bmi */,
			);
			name = Products;
			sourceTree = "<group>";
		};
		1BEFA7F81BC8955B00888F87 /* bmi */ = {
			isa = PBXGroup;
			children = (
				1BEFA81C1BC8C94200888F87 /* Asset.h */,
				1BEFA81D1BC8C94200888F87 /* Asset.m */,
				1BEFA7F91BC8955B00888F87 /* main.m */,
				1BEFA8031BC8A7D400888F87 /* Employee.h */,
				1BEFA8041BC8A7D400888F87 /* Employee.m */,
				1BEFA8001BC8957200888F87 /* Person.h */,
				1BEFA8011BC8957200888F87 /* Person.m */,
			);
			path = bmi;
			sourceTree = "<group>";
		};
/* End PBXGroup section */

/* Begin PBXNativeTarget section */
		1BEFA7F51BC8955B00888F87 /* bmi */ = {
			isa = PBXNativeTarget;
			buildConfigurationList = 1BEFA7FD1BC8955B00888F87 /* Build configuration list for PBXNativeTarget "bmi" */;
			buildPhases = (
				1BEFA7F21BC8955B00888F87 /* Sources */,
				1BEFA7F31BC8955B00888F87 /* Frameworks */,
				1BEFA7F41BC8955B00888F87 /* CopyFiles */,
			);
			buildRules = (
			);
			dependencies = (
			);
			name = bmi;
			productName = bmi;
			productReference = 1BEFA7F61BC8955B00888F87 /* bmi */;
			productType = "com.apple.product-type.tool";
		};
/* End PBXNativeTarget section */

/* Begin PBXProject section */
		1BEFA7EE1BC8955B00888F87 /* Project object */ = {
			isa = PBXProject;
			attributes = {
				LastUpgradeCheck = 0640;
				ORGANIZATIONNAME = hogle;
				TargetAttributes = {
					1BEFA7F51BC8955B00888F87 = {
						CreatedOnToolsVersion = 6.4;
					};
				};
			};
			buildConfigurationList = 1BEFA7F11BC8955B00888F87 /* Build configuration list for PBXProject "bmi" */;
			compatibilityVersion = "Xcode 3.2";
			developmentRegion = English;
			hasScannedForEncodings = 0;
			knownRegions = (
				en,
			);
			mainGroup = 1BEFA7ED1BC8955B00888F87;
			productRefGroup = 1BEFA7F71BC8955B00888F87 /* Products */;
			projectDirPath = "";
			projectRoot = "";
			targets = (
				1BEFA7F51BC8955B00888F87 /* bmi */,
			);
		};
/* End PBXProject section */

/* Begin PBXSourcesBuildPhase section */
		1BEFA7F21BC8955B00888F87 /* Sources */ = {
			isa = PBXSourcesBuildPhase;
			buildActionMask = 2147483647;
			files = (
				1BEFA8051BC8A7D400888F87 /* Employee.m in Sources */,
				1BEFA8021BC8957200888F87 /* Person.m in Sources */,
				1BEFA81E1BC8C94200888F87 /* Asset.m in Sources */,
				1BEFA7FA1BC8955B00888F87 /* main.m in Sources */,
			);
			runOnlyForDeploymentPostprocessing = 0;
		};
/* End PBXSourcesBuildPhase section */

/* Begin XCBuildConfiguration section */
		1BEFA7FB1BC8955B00888F87 /* Debug */ = {
			isa = XCBuildConfiguration;
			buildSettings = {
				ALWAYS_SEARCH_USER_PATHS = NO;
				CLANG_CXX_LANGUAGE_STANDARD = "gnu++0x";
				CLANG_CXX_LIBRARY = "libc++";
				CLANG_ENABLE_MODULES = YES;
				CLANG_ENABLE_OBJC_ARC = YES;
				CLANG_WARN_BOOL_CONVERSION = YES;
				CLANG_WARN_CONSTANT_CONVERSION = YES;
				CLANG_WARN_DIRECT_OBJC_ISA_USAGE = YES_ERROR;
				CLANG_WARN_EMPTY_BODY = YES;
				CLANG_WARN_ENUM_CONVERSION = YES;
				CLANG_WARN_INT_CONVERSION = YES;
				CLANG_WARN_OBJC_ROOT_CLASS = YES_ERROR;
				CLANG_WARN_UNREACHABLE_CODE = YES;
				CLANG_WARN__DUPLICATE_METHOD_MATCH = YES;
				COPY_PHASE_STRIP = NO;
				DEBUG_INFORMATION_FORMAT = dwarf;
				ENABLE_STRICT_OBJC_MSGSEND = YES;
				GCC_C_LANGUAGE_STANDARD = gnu99;
				GCC_DYNAMIC_NO_PIC = NO;
				GCC_NO_COMMON_BLOCKS = YES;
				GCC_OPTIMIZATION_LEVEL = 0;
				GCC_PREPROCESSOR_DEFINITIONS = (
					"DEBUG=1",
					"$(inherited)",
				);
				GCC_SYMBOLS_PRIVATE_EXTERN = NO;
				GCC_WARN_64_TO_32_BIT_CONVERSION = YES;
				GCC_WARN_ABOUT_RETURN_TYPE = YES_ERROR;
				GCC_WARN_UNDECLARED_SELECTOR = YES;
				GCC_WARN_UNINITIALIZED_AUTOS = YES_AGGRESSIVE;
				GCC_WARN_UNUSED_FUNCTION = YES;
				GCC_WARN_UNUSED_VARIABLE = YES;
				MACOSX_DEPLOYMENT_TARGET = 10.10;
				MTL_ENABLE_DEBUG_INFO = YES;
				ONLY_ACTIVE_ARCH = YES;
				SDKROOT = macosx;
			};
			name = Debug;
		};
		1BEFA7FC1BC8955B00888F87 /* Release */ = {
			isa = XCBuildConfiguration;
			buildSettings = {
				ALWAYS_SEARCH_USER_PATHS = NO;
				CLANG_CXX_LANGUAGE_STANDARD = "gnu++0x";
				CLANG_CXX_LIBRARY = "libc++";
				CLANG_ENABLE_MODULES = YES;
				CLANG_ENABLE_OBJC_ARC = YES;
				CLANG_WARN_BOOL_CONVERSION = YES;
				CLANG_WARN_CONSTANT_CONVERSION = YES;
				CLANG_WARN_DIRECT_OBJC_ISA_USAGE = YES_ERROR;
				CLANG_WARN_EMPTY_BODY = YES;
				CLANG_WARN_ENUM_CONVERSION = YES;
				CLANG_WARN_INT_CONVERSION = YES;
				CLANG_WARN_OBJC_ROOT_CLASS = YES_ERROR;
				CLANG_WARN_UNREACHABLE_CODE = YES;
				CLANG_WARN__DUPLICATE_METHOD_MATCH = YES;
				COPY_PHASE_STRIP = NO;
				DEBUG_INFORMATION_FORMAT = "dwarf-with-dsym";
				ENABLE_NS_ASSERTIONS = NO;
				ENABLE_STRICT_OBJC_MSGSEND = YES;
				GCC_C_LANGUAGE_STANDARD = gnu99;
				GCC_NO_COMMON_BLOCKS = YES;
				GCC_WARN_64_TO_32_BIT_CONVERSION = YES;
				GCC_WARN_ABOUT_RETURN_TYPE = YES_ERROR;
				GCC_WARN_UNDECLARED_SELECTOR = YES;
				GCC_WARN_UNINITIALIZED_AUTOS = YES_AGGRESSIVE;
				GCC_WARN_UNUSED_FUNCTION = YES;
				GCC_WARN_UNUSED_VARIABLE = YES;
				MACOSX_DEPLOYMENT_TARGET = 10.10;
				MTL_ENABLE_DEBUG_INFO = NO;
				SDKROOT = macosx;
			};
			name = Release;
		};
		1BEFA7FE1BC8955B00888F87 /* Debug */ = {
			isa = XCBuildConfiguration;
			buildSettings = {
				PRODUCT_NAME = "$(TARGET_NAME)";
			};
			name = Debug;
		};
		1BEFA7FF1BC8955B00888F87 /* Release */ = {
			isa = XCBuildConfiguration;
			buildSettings = {
				PRODUCT_NAME = "$(TARGET_NAME)";
			};
			name = Release;
		};
/* End XCBuildConfiguration section */

/* Begin XCConfigurationList section */
		1BEFA7F11BC8955B00888F87 /* Build configuration list for PBXProject "bmi" */ = {
			isa = XCConfigurationList;
			buildConfigurations = (
				1BEFA7FB1BC8955B00888F87 /* Debug */,
				1BEFA7FC1BC8955B00888F87 /* Release */,
			);
			defaultConfigurationIsVisible = 0;
			defaultConfigurationName = Release;
		};
		1BEFA7FD1BC8955B00888F87 /* Build configuration list for PBXNativeTarget "bmi" */ = {
			isa = XCConfigurationList;
			buildConfigurations = (
				1BEFA7FE1BC8955B00888F87 /* Debug */,
				1BEFA7FF1BC8955B00888F87 /* Release */,
			);
			defaultConfigurationIsVisible = 0;
		};
/* End XCConfigurationList section */
	};
	rootObject = 1BEFA7EE1BC8955B00888F87 /* Project object */;
}
